<?xml version="1.0" encoding="utf-8"?>
<Project ToolsVersion="4.0" xmlns="http://schemas.microsoft.com/developer/msbuild/2003">
  <ItemGroup>
    <Filter Include="Source Files">
      <UniqueIdentifier>{4FC737F1-C7A5-4376-A066-2A32D752A2FF}</UniqueIdentifier>
      <Extensions>cpp;c;cc;cxx;def;odl;idl;hpj;bat;asm;asmx</Extensions>
    </Filter>
    <Filter Include="Header Files">
      <UniqueIdentifier>{93995380-89BD-4b04-88EB-625FBE52EBFB}</UniqueIdentifier>
      <Extensions>h;hh;hpp;hxx;hm;inl;inc;xsd</Extensions>
    </Filter>
    <Filter Include="Header Files\Resource Files">
      <UniqueIdentifier>{67DA6AB6-F800-4c08-8B7A-83BB121AAD01}</UniqueIdentifier>
      <Extensions>rc;ico;cur;bmp;dlg;rc2;rct;bin;rgs;gif;jpg;jpeg;jpe;resx;tiff;tif;png;wav;mfcribbon-ms</Extensions>
    </Filter>
    <Filter Include="Header Files\Framework">
      <UniqueIdentifier>{d74161e3-70cb-4a66-8e75-d98b7ecd21b0}</UniqueIdentifier>
    </Filter>
    <Filter Include="Source Files\Framework">
      <UniqueIdentifier>{436ef9e7-3bc5-4e32-b159-cc2e3aa70c97}</UniqueIdentifier>
    </Filter>
    <Filter Include="Source Files\Framework\Singleton">
      <UniqueIdentifier>{c26d668f-1b23-4ebe-95fd-a98c50df39d9}</UniqueIdentifier>
    </Filter>
    <Filter Include="Header Files\Game">
      <UniqueIdentifier>{7f055356-5a95-4d34-99ec-94b992d2b9ea}</UniqueIdentifier>
    </Filter>
    <Filter Include="Source Files\Game">
      <UniqueIdentifier>{2953bd6d-50a9-4154-a159-cd688c1ca61a}</UniqueIdentifier>
    </Filter>
    <Filter Include="Header Files\Framework\Component">
      <UniqueIdentifier>{3d4b6131-a3bd-4047-8c40-712fe6ec17f5}</UniqueIdentifier>
    </Filter>
    <Filter Include="Source Files\Framework\Component">
      <UniqueIdentifier>{83f9b994-c15e-4425-89d6-e87821c38d20}</UniqueIdentifier>
    </Filter>
    <Filter Include="Header Files\Game\Player">
      <UniqueIdentifier>{f965eb11-5ab0-4a45-91f2-4340d21feea1}</UniqueIdentifier>
    </Filter>
    <Filter Include="Source Files\Game\Player">
      <UniqueIdentifier>{d0748dd1-2215-4d37-9cb2-650ab79cddba}</UniqueIdentifier>
    </Filter>
    <Filter Include="Header Files\Framework\Singleton">
      <UniqueIdentifier>{e04789ac-0033-43df-b2c9-caa1b832256a}</UniqueIdentifier>
    </Filter>
    <Filter Include="Header Files\Game\Scene">
      <UniqueIdentifier>{29fc7863-d44f-4a7e-b05f-4fffb5820ed0}</UniqueIdentifier>
    </Filter>
    <Filter Include="Source Files\Game\Scene">
      <UniqueIdentifier>{3a2722a6-a3bd-4124-8556-1db493582a96}</UniqueIdentifier>
    </Filter>
    <Filter Include="Header Files\Game\Object">
      <UniqueIdentifier>{deb88a7f-58b9-426e-9377-0023320da55b}</UniqueIdentifier>
    </Filter>
    <Filter Include="Source Files\Game\Object">
      <UniqueIdentifier>{8388da7a-5b7f-470d-b313-46853e52e687}</UniqueIdentifier>
    </Filter>
    <Filter Include="Header Files\Game\Enemy">
      <UniqueIdentifier>{f3fd1123-9cfc-4f64-9c43-f5c90e3861a6}</UniqueIdentifier>
    </Filter>
    <Filter Include="Source Files\Game\Enemy">
      <UniqueIdentifier>{3c18bb54-5bf2-4105-b6ea-b2d030f123a3}</UniqueIdentifier>
    </Filter>
  </ItemGroup>
  <ItemGroup>
    <ClCompile Include="Framework\Singleton\windowGUI.cpp">
      <Filter>Source Files\Framework\Singleton</Filter>
    </ClCompile>
    <ClCompile Include="Framework\Singleton\dxdevice.cpp">
      <Filter>Source Files\Framework\Singleton</Filter>
    </ClCompile>
    <ClCompile Include="Framework\sprite.cpp">
      <Filter>Source Files\Framework</Filter>
    </ClCompile>
    <ClCompile Include="Framework\transform.cpp">
      <Filter>Source Files\Framework</Filter>
    </ClCompile>
    <ClCompile Include="Framework\texture.cpp">
      <Filter>Source Files\Framework</Filter>
    </ClCompile>
    <ClCompile Include="Framework\viewport.cpp">
      <Filter>Source Files\Framework</Filter>
    </ClCompile>
    <ClCompile Include="Framework\animation.cpp">
      <Filter>Source Files\Framework</Filter>
    </ClCompile>
    <ClCompile Include="Framework\Singleton\spriteresource.cpp">
      <Filter>Source Files\Framework\Singleton</Filter>
    </ClCompile>
    <ClCompile Include="Framework\timespan.cpp">
      <Filter>Source Files\Framework</Filter>
    </ClCompile>
    <ClCompile Include="Framework\Singleton\gametime.cpp">
      <Filter>Source Files\Framework\Singleton</Filter>
    </ClCompile>
    <ClCompile Include="Framework\Singleton\gamecontroller.cpp">
      <Filter>Source Files\Framework\Singleton</Filter>
    </ClCompile>
    <ClCompile Include="Framework\GameObject.cpp">
      <Filter>Source Files\Framework</Filter>
    </ClCompile>
    <ClCompile Include="Framework\Component\PhysicsComponent.cpp">
      <Filter>Source Files\Framework\Component</Filter>
    </ClCompile>
    <ClCompile Include="Framework\Component\BehaviorComponent.cpp">
      <Filter>Source Files\Framework\Component</Filter>
    </ClCompile>
    <ClCompile Include="Framework\Component\AnimationComponent.cpp">
      <Filter>Source Files\Framework\Component</Filter>
    </ClCompile>
    <ClCompile Include="Game\Player\Aladdin.cpp">
      <Filter>Source Files\Game\Player</Filter>
    </ClCompile>
    <ClCompile Include="Framework\Component\MovingComponent.cpp">
      <Filter>Source Files\Framework\Component</Filter>
    </ClCompile>
    <ClCompile Include="Game\ObjectFactory.cpp">
      <Filter>Source Files\Game</Filter>
    </ClCompile>
    <ClCompile Include="Game\Scene\Scene.cpp">
      <Filter>Source Files\Game\Scene</Filter>
    </ClCompile>
    <ClCompile Include="dxaudio.cpp">
      <Filter>Source Files</Filter>
    </ClCompile>
    <ClCompile Include="Framework\Singleton\SoundManager.cpp">
      <Filter>Source Files\Framework\Singleton</Filter>
    </ClCompile>
    <ClCompile Include="Game\Scene\TestScene.cpp">
      <Filter>Source Files\Game\Scene</Filter>
    </ClCompile>
    <ClCompile Include="Game\game.cpp">
      <Filter>Source Files\Game</Filter>
    </ClCompile>
    <ClCompile Include="Game\AladdinGame.cpp">
      <Filter>Source Files\Game</Filter>
    </ClCompile>
    <ClCompile Include="Game\Scene\SceneManager.cpp">
      <Filter>Source Files\Game\Scene</Filter>
    </ClCompile>
    <ClCompile Include="main.cpp">
      <Filter>Source Files</Filter>
    </ClCompile>
    <ClCompile Include="Game\Object\Land.cpp">
      <Filter>Source Files\Game\Object</Filter>
    </ClCompile>
    <ClCompile Include="Framework\Component\NullComponent.cpp">
      <Filter>Source Files\Framework\Component</Filter>
    </ClCompile>
    <ClCompile Include="Game\Object\Rope.cpp">
      <Filter>Source Files\Game\Object</Filter>
    </ClCompile>
    <ClCompile Include="Framework\Component\CollisionComponent.cpp">
      <Filter>Source Files\Framework\Component</Filter>
    </ClCompile>
    <ClCompile Include="Framework\QuadTree.cpp">
      <Filter>Source Files\Framework</Filter>
    </ClCompile>
    <ClCompile Include="Framework\rectutils.cpp">
      <Filter>Source Files\Framework</Filter>
    </ClCompile>
    <ClCompile Include="Framework\AABB.cpp">
      <Filter>Source Files</Filter>
    </ClCompile>
    <ClCompile Include="Framework\VectorHelper.cpp">
      <Filter>Source Files\Framework</Filter>
    </ClCompile>
    <ClCompile Include="Game\Object\Sword.cpp">
      <Filter>Source Files\Game\Object</Filter>
    </ClCompile>
    <ClCompile Include="Framework\Component\EnemyComponent.cpp">
      <Filter>Source Files\Framework\Component</Filter>
    </ClCompile>
    <ClCompile Include="Game\Enemy\Hakim.cpp">
      <Filter>Source Files\Game\Enemy</Filter>
    </ClCompile>
    <ClCompile Include="Framework\Component\PlayerComponent.cpp">
      <Filter>Source Files\Framework\Component</Filter>
    </ClCompile>
    <ClCompile Include="Game\Object\Apple.cpp">
      <Filter>Source Files\Game\Object</Filter>
    </ClCompile>
    <ClCompile Include="Game\Object\Flame.cpp">
      <Filter>Source Files\Game\Object</Filter>
    </ClCompile>
    <ClCompile Include="Game\Scene\SceneBackground.cpp">
      <Filter>Source Files\Game\Scene</Filter>
    </ClCompile>
    <ClCompile Include="Game\Scene\TestSceneBackground.cpp">
      <Filter>Source Files\Game\Scene</Filter>
    </ClCompile>
    <ClCompile Include="Game\Object\ExplosionPot.cpp">
      <Filter>Source Files\Game\Object</Filter>
    </ClCompile>
    <ClCompile Include="Game\Enemy\Thrower.cpp">
      <Filter>Source Files\Game\Enemy</Filter>
    </ClCompile>
    <ClCompile Include="Game\Enemy\Falza.cpp">
      <Filter>Source Files\Game\Enemy</Filter>
    </ClCompile>
    <ClCompile Include="Game\Enemy\Nahbi.cpp">
      <Filter>Source Files\Game\Enemy</Filter>
    </ClCompile>
    <ClCompile Include="Game\Object\Dagger.cpp">
      <Filter>Source Files\Game\Object</Filter>
    </ClCompile>
    <ClCompile Include="Game\Object\Camel.cpp">
      <Filter>Source Files\Game\Object</Filter>
    </ClCompile>
    <ClCompile Include="Game\Object\Item.cpp">
      <Filter>Source Files\Game\Object</Filter>
    </ClCompile>
    <ClCompile Include="Game\Object\Wall.cpp">
      <Filter>Source Files\Game\Object</Filter>
    </ClCompile>
  </ItemGroup>
  <ItemGroup>
    <ClInclude Include="Framework\Singleton\windowGUI.h">
      <Filter>Header Files\Framework\Singleton</Filter>
    </ClInclude>
    <ClInclude Include="Framework\define.h">
      <Filter>Header Files\Framework</Filter>
    </ClInclude>
    <ClInclude Include="Framework\Singleton\dxdevice.h">
      <Filter>Header Files\Framework\Singleton</Filter>
    </ClInclude>
    <ClInclude Include="Framework\sprite.h">
      <Filter>Header Files\Framework</Filter>
    </ClInclude>
    <ClInclude Include="Framework\transform.h">
      <Filter>Header Files\Framework</Filter>
    </ClInclude>
    <ClInclude Include="Framework\texture.h">
      <Filter>Header Files\Framework</Filter>
    </ClInclude>
    <ClInclude Include="Framework\viewport.h">
      <Filter>Header Files\Framework</Filter>
    </ClInclude>
    <ClInclude Include="Framework\animation.h">
      <Filter>Header Files\Framework</Filter>
    </ClInclude>
    <ClInclude Include="Framework\Singleton\spriteresource.h">
      <Filter>Header Files\Framework\Singleton</Filter>
    </ClInclude>
    <ClInclude Include="Framework\timespan.h">
      <Filter>Header Files\Framework</Filter>
    </ClInclude>
    <ClInclude Include="Framework\Singleton\gametime.h">
      <Filter>Header Files\Framework\Singleton</Filter>
    </ClInclude>
    <ClInclude Include="Framework\Singleton\gamecontroller.h">
      <Filter>Header Files\Framework\Singleton</Filter>
    </ClInclude>
    <ClInclude Include="Framework\GameObject.h">
      <Filter>Header Files\Framework</Filter>
    </ClInclude>
    <ClInclude Include="Framework\Component\MovingComponent.h">
      <Filter>Header Files\Framework\Component</Filter>
    </ClInclude>
    <ClInclude Include="Framework\Component\AnimationComponent.h">
      <Filter>Header Files\Framework\Component</Filter>
    </ClInclude>
    <ClInclude Include="Framework\Component\BehaviorComponent.h">
      <Filter>Header Files\Framework\Component</Filter>
    </ClInclude>
    <ClInclude Include="Framework\Component\Component.h">
      <Filter>Header Files\Framework\Component</Filter>
    </ClInclude>
    <ClInclude Include="Framework\Component\PhysicsComponent.h">
      <Filter>Header Files\Framework\Component</Filter>
    </ClInclude>
    <ClInclude Include="Game\Player\Aladdin.h">
      <Filter>Header Files\Game\Player</Filter>
    </ClInclude>
    <ClInclude Include="Game\ObjectFactory.h">
      <Filter>Header Files\Game</Filter>
    </ClInclude>
    <ClInclude Include="Game\Scene\Scene.h">
      <Filter>Header Files\Game\Scene</Filter>
    </ClInclude>
    <ClInclude Include="debug.h">
      <Filter>Header Files</Filter>
    </ClInclude>
    <ClInclude Include="dxaudio.h">
      <Filter>Header Files</Filter>
    </ClInclude>
    <ClInclude Include="Game\Scene\TestScene.h">
      <Filter>Header Files\Game\Scene</Filter>
    </ClInclude>
    <ClInclude Include="Framework\Singleton\SoundManager.h">
      <Filter>Header Files\Framework\Singleton</Filter>
    </ClInclude>
    <ClInclude Include="Game\game.h">
      <Filter>Header Files\Game</Filter>
    </ClInclude>
    <ClInclude Include="Game\AladdinGame.h">
      <Filter>Header Files\Game</Filter>
    </ClInclude>
    <ClInclude Include="Game\Scene\SceneManager.h">
      <Filter>Header Files\Game\Scene</Filter>
    </ClInclude>
    <ClInclude Include="Game\Object\Land.h">
      <Filter>Header Files\Game\Object</Filter>
    </ClInclude>
    <ClInclude Include="Framework\Component\NullComponent.h">
      <Filter>Header Files\Framework\Component</Filter>
    </ClInclude>
    <ClInclude Include="Framework\Component\CollisionComponent.h">
      <Filter>Header Files\Framework\Component</Filter>
    </ClInclude>
    <ClInclude Include="Framework\QuadTree.h">
      <Filter>Header Files\Framework</Filter>
    </ClInclude>
    <ClInclude Include="Framework\rectutils.h">
      <Filter>Header Files\Framework</Filter>
    </ClInclude>
    <ClInclude Include="Framework\AABB.h">
      <Filter>Header Files</Filter>
    </ClInclude>
    <ClInclude Include="Framework\VectorHelper.h">
      <Filter>Header Files\Framework</Filter>
    </ClInclude>
    <ClInclude Include="Framework\Component\EnemyComponent.h">
      <Filter>Header Files\Framework\Component</Filter>
    </ClInclude>
    <ClInclude Include="Game\Enemy\Hakim.h">
      <Filter>Header Files\Game\Enemy</Filter>
    </ClInclude>
    <ClInclude Include="Framework\Component\PlayerComponent.h">
      <Filter>Header Files\Framework\Component</Filter>
    </ClInclude>
    <ClInclude Include="Game\Object\Apple.h">
      <Filter>Header Files\Game\Object</Filter>
    </ClInclude>
    <ClInclude Include="Game\Object\Flame.h">
      <Filter>Header Files\Game\Object</Filter>
    </ClInclude>
    <ClInclude Include="Game\Scene\SceneBackground.h">
      <Filter>Header Files\Game\Scene</Filter>
    </ClInclude>
    <ClInclude Include="Game\Scene\TestSceneBackground.h">
      <Filter>Header Files\Game\Scene</Filter>
    </ClInclude>
    <ClInclude Include="Game\Object\ExplosionPot.h">
      <Filter>Header Files\Game\Object</Filter>
    </ClInclude>
    <ClInclude Include="Game\Enemy\Thrower.h">
      <Filter>Header Files\Game\Enemy</Filter>
    </ClInclude>
    <ClInclude Include="Game\Enemy\Falza.h">
      <Filter>Header Files\Game\Enemy</Filter>
    </ClInclude>
    <ClInclude Include="Game\Enemy\Nahbi.h">
      <Filter>Header Files\Game\Enemy</Filter>
    </ClInclude>
    <ClInclude Include="Game\Object\Dagger.h">
      <Filter>Header Files\Game\Object</Filter>
    </ClInclude>
    <ClInclude Include="Game\Object\Rope.h">
      <Filter>Header Files\Game\Object</Filter>
    </ClInclude>
    <ClInclude Include="Game\Object\Sword.h">
      <Filter>Header Files\Game\Object</Filter>
    </ClInclude>
    <ClInclude Include="Game\Object\Camel.h">
      <Filter>Header Files\Game\Object</Filter>
    </ClInclude>
    <ClInclude Include="Game\Object\Item.h">
      <Filter>Header Files\Game\Object</Filter>
    </ClInclude>
    <ClInclude Include="Game\Object\Wall.h">
      <Filter>Header Files\Game\Object</Filter>
    </ClInclude>
  </ItemGroup>
  <ItemGroup>
    <None Include="ClassDiagram.cd" />
    <None Include="ClassDiagram1.cd" />
  </ItemGroup>
</Project>